
Microsoft Visual Studio Solution File, Format Version 12.00
# Visual Studio Version 17
VisualStudioVersion = 17.5.33627.172
MinimumVisualStudioVersion = 10.0.40219.1
Project("{FAE04EC0-301F-11D3-BF4B-00C04F79EFBC}") = "ScreenSound", "ScreenSound.csproj", "{9144369B-0903-4E9E-82AE-542994859D1C}"
EndProject
Global
	GlobalSection(SolutionConfigurationPlatforms) = preSolution
		Debug|Any CPU = Debug|Any CPU
		Release|Any CPU = Release|Any CPU
	EndGlobalSection
	GlobalSection(ProjectConfigurationPlatforms) = postSolution
		{9144369B-0903-4E9E-82AE-542994859D1C}.Debug|Any CPU.ActiveCfg = Debug|Any CPU
		{9144369B-0903-4E9E-82AE-542994859D1C}.Debug|Any CPU.Build.0 = Debug|Any CPU
		{9144369B-0903-4E9E-82AE-542994859D1C}.Release|Any CPU.ActiveCfg = Release|Any CPU
		{9144369B-0903-4E9E-82AE-542994859D1C}.Release|Any CPU.Build.0 = Release|Any CPU
	EndGlobalSection
	GlobalSection(SolutionProperties) = preSolution
		HideSolutionNode = FALSE
	EndGlobalSection
	GlobalSection(ExtensibilityGlobals) = postSolution
		SolutionGuid = {C34B80FA-6BF5-4743-AFF7-F76BD35059BD}
	EndGlobalSection
EndGlobal
